
Microsoft Visual Studio Solution File, Format Version 12.00
# Visual Studio 15
VisualStudioVersion = 15.0.28307.438
MinimumVisualStudioVersion = 10.0.40219.1
Project("{FAE04EC0-301F-11D3-BF4B-00C04F79EFBC}") = "CoolWPF", "CoolWPF.csproj", "{1A269935-069F-432B-A0C0-AB84EB54C65B}"
EndProject
Global
	GlobalSection(SolutionConfigurationPlatforms) = preSolution
		Debug|Any CPU = Debug|Any CPU
		Release|Any CPU = Release|Any CPU
	EndGlobalSection
	GlobalSection(ProjectConfigurationPlatforms) = postSolution
		{1A269935-069F-432B-A0C0-AB84EB54C65B}.Debug|Any CPU.ActiveCfg = Debug|Any CPU
		{1A269935-069F-432B-A0C0-AB84EB54C65B}.Debug|Any CPU.Build.0 = Debug|Any CPU
		{1A269935-069F-432B-A0C0-AB84EB54C65B}.Release|Any CPU.ActiveCfg = Release|Any CPU
		{1A269935-069F-432B-A0C0-AB84EB54C65B}.Release|Any CPU.Build.0 = Release|Any CPU
	EndGlobalSection
	GlobalSection(SolutionProperties) = preSolution
		HideSolutionNode = FALSE
	EndGlobalSection
	GlobalSection(ExtensibilityGlobals) = postSolution
		SolutionGuid = {4CC865D2-B542-4062-B6F7-930F5CD4C8C9}
	EndGlobalSection
EndGlobal
